
Microsoft Visual Studio Solution File, Format Version 12.00
# Visual Studio Version 17
VisualStudioVersion = 17.9.34902.65
MinimumVisualStudioVersion = 10.0.40219.1
Project("{F184B08F-C81C-45F6-A57F-5ABD9991F28F}") = "Group_Testing", "Group_Testing\Group_Testing.vbproj", "{26EBE3B7-441F-4D47-9E63-B025F5F40CF9}"
EndProject
Global
	GlobalSection(SolutionConfigurationPlatforms) = preSolution
		Debug|Any CPU = Debug|Any CPU
		Release|Any CPU = Release|Any CPU
	EndGlobalSection
	GlobalSection(ProjectConfigurationPlatforms) = postSolution
		{26EBE3B7-441F-4D47-9E63-B025F5F40CF9}.Debug|Any CPU.ActiveCfg = Debug|Any CPU
		{26EBE3B7-441F-4D47-9E63-B025F5F40CF9}.Debug|Any CPU.Build.0 = Debug|Any CPU
		{26EBE3B7-441F-4D47-9E63-B025F5F40CF9}.Release|Any CPU.ActiveCfg = Release|Any CPU
		{26EBE3B7-441F-4D47-9E63-B025F5F40CF9}.Release|Any CPU.Build.0 = Release|Any CPU
	EndGlobalSection
	GlobalSection(SolutionProperties) = preSolution
		HideSolutionNode = FALSE
	EndGlobalSection
	GlobalSection(ExtensibilityGlobals) = postSolution
		SolutionGuid = {A0018942-518C-44DC-99A8-05A0E61E5DA8}
	EndGlobalSection
EndGlobal
